
Microsoft Visual Studio Solution File, Format Version 12.00
# Visual Studio Version 16
VisualStudioVersion = 25.0.1705.4
MinimumVisualStudioVersion = 10.0.40219.1
Project("{FAE04EC0-301F-11D3-BF4B-00C04F79EFBC}") = "GitPracticeInventoryApp", "GitPracticeInventoryApp\GitPracticeInventoryApp.csproj", "{50CF12C4-0E0E-4BEC-AE4A-CD99787A2CE1}"
EndProject
Project("{FAE04EC0-301F-11D3-BF4B-00C04F79EFBC}") = "GitPracticeInventoryApp_Tests", "GitPracticeInventoryApp_Tests\GitPracticeInventoryApp_Tests.csproj", "{DE2AE53F-589C-442A-AA8E-6E01A788E794}"
EndProject
Global
	GlobalSection(SolutionConfigurationPlatforms) = preSolution
		Debug|Any CPU = Debug|Any CPU
		Release|Any CPU = Release|Any CPU
	EndGlobalSection
	GlobalSection(ProjectConfigurationPlatforms) = postSolution
		{50CF12C4-0E0E-4BEC-AE4A-CD99787A2CE1}.Debug|Any CPU.ActiveCfg = Debug|Any CPU
		{50CF12C4-0E0E-4BEC-AE4A-CD99787A2CE1}.Debug|Any CPU.Build.0 = Debug|Any CPU
		{50CF12C4-0E0E-4BEC-AE4A-CD99787A2CE1}.Release|Any CPU.ActiveCfg = Release|Any CPU
		{50CF12C4-0E0E-4BEC-AE4A-CD99787A2CE1}.Release|Any CPU.Build.0 = Release|Any CPU
		{DE2AE53F-589C-442A-AA8E-6E01A788E794}.Debug|Any CPU.ActiveCfg = Debug|Any CPU
		{DE2AE53F-589C-442A-AA8E-6E01A788E794}.Debug|Any CPU.Build.0 = Debug|Any CPU
		{DE2AE53F-589C-442A-AA8E-6E01A788E794}.Release|Any CPU.ActiveCfg = Release|Any CPU
		{DE2AE53F-589C-442A-AA8E-6E01A788E794}.Release|Any CPU.Build.0 = Release|Any CPU
	EndGlobalSection
	GlobalSection(SolutionProperties) = preSolution
		HideSolutionNode = FALSE
	EndGlobalSection
	GlobalSection(ExtensibilityGlobals) = postSolution
		SolutionGuid = {E72FA7EB-EDCE-4DFA-BB45-4C28F5EF9FF8}
	EndGlobalSection
EndGlobal
